// !$*UTF8*$!
{
	archiveVersion = 1;
	classes = {
	};
	objectVersion = 48;
	objects = {

/* Begin PBXBuildFile section */
		3D03D3BE202D274B002552E1 /* AppDelegate.swift in Sources */ = {isa = PBXBuildFile; fileRef = 3D03D3BD202D274B002552E1 /* AppDelegate.swift */; };
		3D03D3C0202D274B002552E1 /* ViewController.swift in Sources */ = {isa = PBXBuildFile; fileRef = 3D03D3BF202D274B002552E1 /* ViewController.swift */; };
		3D03D3C3202D274B002552E1 /* Main.storyboard in Resources */ = {isa = PBXBuildFile; fileRef = 3D03D3C1202D274B002552E1 /* Main.storyboard */; };
		3D03D3C5202D274B002552E1 /* Assets.xcassets in Resources */ = {isa = PBXBuildFile; fileRef = 3D03D3C4202D274B002552E1 /* Assets.xcassets */; };
		3D03D3C8202D274B002552E1 /* LaunchScreen.storyboard in Resources */ = {isa = PBXBuildFile; fileRef = 3D03D3C6202D274B002552E1 /* LaunchScreen.storyboard */; };
		3D03D3D3202D274B002552E1 /* Tumblr_FeedTests.swift in Sources */ = {isa = PBXBuildFile; fileRef = 3D03D3D2202D274B002552E1 /* Tumblr_FeedTests.swift */; };
		3D03D3DE202D274B002552E1 /* Tumblr_FeedUITests.swift in Sources */ = {isa = PBXBuildFile; fileRef = 3D03D3DD202D274B002552E1 /* Tumblr_FeedUITests.swift */; };
/* End PBXBuildFile section */

/* Begin PBXContainerItemProxy section */
		3D03D3CF202D274B002552E1 /* PBXContainerItemProxy */ = {
			isa = PBXContainerItemProxy;
			containerPortal = 3D03D3B2202D274B002552E1 /* Project object */;
			proxyType = 1;
			remoteGlobalIDString = 3D03D3B9202D274B002552E1;
			remoteInfo = "Tumblr-Feed";
		};
		3D03D3DA202D274B002552E1 /* PBXContainerItemProxy */ = {
			isa = PBXContainerItemProxy;
			containerPortal = 3D03D3B2202D274B002552E1 /* Project object */;
			proxyType = 1;
			remoteGlobalIDString = 3D03D3B9202D274B002552E1;
			remoteInfo = "Tumblr-Feed";
		};
/* End PBXContainerItemProxy section */

/* Begin PBXFileReference section */
		3D03D3BA202D274B002552E1 /* Tumblr-Feed.app */ = {isa = PBXFileReference; explicitFileType = wrapper.application; includeInIndex = 0; path = "Tumblr-Feed.app"; sourceTree = BUILT_PRODUCTS_DIR; };
		3D03D3BD202D274B002552E1 /* AppDelegate.swift */ = {isa = PBXFileReference; lastKnownFileType = sourcecode.swift; path = AppDelegate.swift; sourceTree = "<group>"; };
		3D03D3BF202D274B002552E1 /* ViewController.swift */ = {isa = PBXFileReference; lastKnownFileType = sourcecode.swift; path = ViewController.swift; sourceTree = "<group>"; };
		3D03D3C2202D274B002552E1 /* Base */ = {isa = PBXFileReference; lastKnownFileType = file.storyboard; name = Base; path = Base.lproj/Main.storyboard; sourceTree = "<group>"; };
		3D03D3C4202D274B002552E1 /* Assets.xcassets */ = {isa = PBXFileReference; lastKnownFileType = folder.assetcatalog; path = Assets.xcassets; sourceTree = "<group>"; };
		3D03D3C7202D274B002552E1 /* Base */ = {isa = PBXFileReference; lastKnownFileType = file.storyboard; name = Base; path = Base.lproj/LaunchScreen.storyboard; sourceTree = "<group>"; };
		3D03D3C9202D274B002552E1 /* Info.plist */ = {isa = PBXFileReference; lastKnownFileType = text.plist.xml; path = Info.plist; sourceTree = "<group>"; };
		3D03D3CE202D274B002552E1 /* Tumblr-FeedTests.xctest */ = {isa = PBXFileReference; explicitFileType = wrapper.cfbundle; includeInIndex = 0; path = "Tumblr-FeedTests.xctest"; sourceTree = BUILT_PRODUCTS_DIR; };
		3D03D3D2202D274B002552E1 /* Tumblr_FeedTests.swift */ = {isa = PBXFileReference; lastKnownFileType = sourcecode.swift; path = Tumblr_FeedTests.swift; sourceTree = "<group>"; };
		3D03D3D4202D274B002552E1 /* Info.plist */ = {isa = PBXFileReference; lastKnownFileType = text.plist.xml; path = Info.plist; sourceTree = "<group>"; };
		3D03D3D9202D274B002552E1 /* Tumblr-FeedUITests.xctest */ = {isa = PBXFileReference; explicitFileType = wrapper.cfbundle; includeInIndex = 0; path = "Tumblr-FeedUITests.xctest"; sourceTree = BUILT_PRODUCTS_DIR; };
		3D03D3DD202D274B002552E1 /* Tumblr_FeedUITests.swift */ = {isa = PBXFileReference; lastKnownFileType = sourcecode.swift; path = Tumblr_FeedUITests.swift; sourceTree = "<group>"; };
		3D03D3DF202D274B002552E1 /* Info.plist */ = {isa = PBXFileReference; lastKnownFileType = text.plist.xml; path = Info.plist; sourceTree = "<group>"; };
/* End PBXFileReference section */

/* Begin PBXFrameworksBuildPhase section */
		3D03D3B7202D274B002552E1 /* Frameworks */ = {
			isa = PBXFrameworksBuildPhase;
			buildActionMask = 2147483647;
			files = (
			);
			runOnlyForDeploymentPostprocessing = 0;
		};
		3D03D3CB202D274B002552E1 /* Frameworks */ = {
			isa = PBXFrameworksBuildPhase;
			buildActionMask = 2147483647;
			files = (
			);
			runOnlyForDeploymentPostprocessing = 0;
		};
		3D03D3D6202D274B002552E1 /* Frameworks */ = {
			isa = PBXFrameworksBuildPhase;
			buildActionMask = 2147483647;
			files = (
			);
			runOnlyForDeploymentPostprocessing = 0;
		};
/* End PBXFrameworksBuildPhase section */

/* Begin PBXGroup section */
		3D03D3B1202D274B002552E1 = {
			isa = PBXGroup;
			children = (
				3D03D3BC202D274B002552E1 /* Tumblr-Feed */,
				3D03D3D1202D274B002552E1 /* Tumblr-FeedTests */,
				3D03D3DC202D274B002552E1 /* Tumblr-FeedUITests */,
				3D03D3BB202D274B002552E1 /* Products */,
			);
			sourceTree = "<group>";
		};
		3D03D3BB202D274B002552E1 /* Products */ = {
			isa = PBXGroup;
			children = (
				3D03D3BA202D274B002552E1 /* Tumblr-Feed.app */,
				3D03D3CE202D274B002552E1 /* Tumblr-FeedTests.xctest */,
				3D03D3D9202D274B002552E1 /* Tumblr-FeedUITests.xctest */,
			);
			name = Products;
			sourceTree = "<group>";
		};
		3D03D3BC202D274B002552E1 /* Tumblr-Feed */ = {
			isa = PBXGroup;
			children = (
				3D03D3BD202D274B002552E1 /* AppDelegate.swift */,
				3D03D3BF202D274B002552E1 /* ViewController.swift */,
				3D03D3C1202D274B002552E1 /* Main.storyboard */,
				3D03D3C4202D274B002552E1 /* Assets.xcassets */,
				3D03D3C6202D274B002552E1 /* LaunchScreen.storyboard */,
				3D03D3C9202D274B002552E1 /* Info.plist */,
			);
			path = "Tumblr-Feed";
			sourceTree = "<group>";
		};
		3D03D3D1202D274B002552E1 /* Tumblr-FeedTests */ = {
			isa = PBXGroup;
			children = (
				3D03D3D2202D274B002552E1 /* Tumblr_FeedTests.swift */,
				3D03D3D4202D274B002552E1 /* Info.plist */,
			);
			path = "Tumblr-FeedTests";
			sourceTree = "<group>";
		};
		3D03D3DC202D274B002552E1 /* Tumblr-FeedUITests */ = {
			isa = PBXGroup;
			children = (
				3D03D3DD202D274B002552E1 /* Tumblr_FeedUITests.swift */,
				3D03D3DF202D274B002552E1 /* Info.plist */,
			);
			path = "Tumblr-FeedUITests";
			sourceTree = "<group>";
		};
/* End PBXGroup section */

/* Begin PBXNativeTarget section */
		3D03D3B9202D274B002552E1 /* Tumblr-Feed */ = {
			isa = PBXNativeTarget;
			buildConfigurationList = 3D03D3E2202D274B002552E1 /* Build configuration list for PBXNativeTarget "Tumblr-Feed" */;
			buildPhases = (
				3D03D3B6202D274B002552E1 /* Sources */,
				3D03D3B7202D274B002552E1 /* Frameworks */,
				3D03D3B8202D274B002552E1 /* Resources */,
			);
			buildRules = (
			);
			dependencies = (
			);
			name = "Tumblr-Feed";
			productName = "Tumblr-Feed";
			productReference = 3D03D3BA202D274B002552E1 /* Tumblr-Feed.app */;
			productType = "com.apple.product-type.application";
		};
		3D03D3CD202D274B002552E1 /* Tumblr-FeedTests */ = {
			isa = PBXNativeTarget;
			buildConfigurationList = 3D03D3E5202D274B002552E1 /* Build configuration list for PBXNativeTarget "Tumblr-FeedTests" */;
			buildPhases = (
				3D03D3CA202D274B002552E1 /* Sources */,
				3D03D3CB202D274B002552E1 /* Frameworks */,
				3D03D3CC202D274B002552E1 /* Resources */,
			);
			buildRules = (
			);
			dependencies = (
				3D03D3D0202D274B002552E1 /* PBXTargetDependency */,
			);
			name = "Tumblr-FeedTests";
			productName = "Tumblr-FeedTests";
			productReference = 3D03D3CE202D274B002552E1 /* Tumblr-FeedTests.xctest */;
			productType = "com.apple.product-type.bundle.unit-test";
		};
		3D03D3D8202D274B002552E1 /* Tumblr-FeedUITests */ = {
			isa = PBXNativeTarget;
			buildConfigurationList = 3D03D3E8202D274B002552E1 /* Build configuration list for PBXNativeTarget "Tumblr-FeedUITests" */;
			buildPhases = (
				3D03D3D5202D274B002552E1 /* Sources */,
				3D03D3D6202D274B002552E1 /* Frameworks */,
				3D03D3D7202D274B002552E1 /* Resources */,
			);
			buildRules = (
			);
			dependencies = (
				3D03D3DB202D274B002552E1 /* PBXTargetDependency */,
			);
			name = "Tumblr-FeedUITests";
			productName = "Tumblr-FeedUITests";
			productReference = 3D03D3D9202D274B002552E1 /* Tumblr-FeedUITests.xctest */;
			productType = "com.apple.product-type.bundle.ui-testing";
		};
/* End PBXNativeTarget section */

/* Begin PBXProject section */
		3D03D3B2202D274B002552E1 /* Project object */ = {
			isa = PBXProject;
			attributes = {
				LastSwiftUpdateCheck = 0920;
				LastUpgradeCheck = 0920;
				ORGANIZATIONNAME = "Tianyu Liang";
				TargetAttributes = {
					3D03D3B9202D274B002552E1 = {
						CreatedOnToolsVersion = 9.2;
						ProvisioningStyle = Automatic;
					};
					3D03D3CD202D274B002552E1 = {
						CreatedOnToolsVersion = 9.2;
						ProvisioningStyle = Automatic;
						TestTargetID = 3D03D3B9202D274B002552E1;
					};
					3D03D3D8202D274B002552E1 = {
						CreatedOnToolsVersion = 9.2;
						ProvisioningStyle = Automatic;
						TestTargetID = 3D03D3B9202D274B002552E1;
					};
				};
			};
			buildConfigurationList = 3D03D3B5202D274B002552E1 /* Build configuration list for PBXProject "Tumblr-Feed" */;
			compatibilityVersion = "Xcode 8.0";
			developmentRegion = en;
			hasScannedForEncodings = 0;
			knownRegions = (
				en,
				Base,
			);
			mainGroup = 3D03D3B1202D274B002552E1;
			productRefGroup = 3D03D3BB202D274B002552E1 /* Products */;
			projectDirPath = "";
			projectRoot = "";
			targets = (
				3D03D3B9202D274B002552E1 /* Tumblr-Feed */,
				3D03D3CD202D274B002552E1 /* Tumblr-FeedTests */,
				3D03D3D8202D274B002552E1 /* Tumblr-FeedUITests */,
			);
		};
/* End PBXProject section */

/* Begin PBXResourcesBuildPhase section */
		3D03D3B8202D274B002552E1 /* Resources */ = {
			isa = PBXResourcesBuildPhase;
			buildActionMask = 2147483647;
			files = (
				3D03D3C8202D274B002552E1 /* LaunchScreen.storyboard in Resources */,
				3D03D3C5202D274B002552E1 /* Assets.xcassets in Resources */,
				3D03D3C3202D274B002552E1 /* Main.storyboard in Resources */,
			);
			runOnlyForDeploymentPostprocessing = 0;
		};
		3D03D3CC202D274B002552E1 /* Resources */ = {
			isa = PBXResourcesBuildPhase;
			buildActionMask = 2147483647;
			files = (
			);
			runOnlyForDeploymentPostprocessing = 0;
		};
		3D03D3D7202D274B002552E1 /* Resources */ = {
			isa = PBXResourcesBuildPhase;
			buildActionMask = 2147483647;
			files = (
			);
			runOnlyForDeploymentPostprocessing = 0;
		};
/* End PBXResourcesBuildPhase section */

/* Begin PBXSourcesBuildPhase section */
		3D03D3B6202D274B002552E1 /* Sources */ = {
			isa = PBXSourcesBuildPhase;
			buildActionMask = 2147483647;
			files = (
				3D03D3C0202D274B002552E1 /* ViewController.swift in Sources */,
				3D03D3BE202D274B002552E1 /* AppDelegate.swift in Sources */,
			);
			runOnlyForDeploymentPostprocessing = 0;
		};
		3D03D3CA202D274B002552E1 /* Sources */ = {
			isa = PBXSourcesBuildPhase;
			buildActionMask = 2147483647;
			files = (
				3D03D3D3202D274B002552E1 /* Tumblr_FeedTests.swift in Sources */,
			);
			runOnlyForDeploymentPostprocessing = 0;
		};
		3D03D3D5202D274B002552E1 /* Sources */ = {
			isa = PBXSourcesBuildPhase;
			buildActionMask = 2147483647;
			files = (
				3D03D3DE202D274B002552E1 /* Tumblr_FeedUITests.swift in Sources */,
			);
			runOnlyForDeploymentPostprocessing = 0;
		};
/* End PBXSourcesBuildPhase section */

/* Begin PBXTargetDependency section */
		3D03D3D0202D274B002552E1 /* PBXTargetDependency */ = {
			isa = PBXTargetDependency;
			target = 3D03D3B9202D274B002552E1 /* Tumblr-Feed */;
			targetProxy = 3D03D3CF202D274B002552E1 /* PBXContainerItemProxy */;
		};
		3D03D3DB202D274B002552E1 /* PBXTargetDependency */ = {
			isa = PBXTargetDependency;
			target = 3D03D3B9202D274B002552E1 /* Tumblr-Feed */;
			targetProxy = 3D03D3DA202D274B002552E1 /* PBXContainerItemProxy */;
		};
/* End PBXTargetDependency section */

/* Begin PBXVariantGroup section */
		3D03D3C1202D274B002552E1 /* Main.storyboard */ = {
			isa = PBXVariantGroup;
			children = (
				3D03D3C2202D274B002552E1 /* Base */,
			);
			name = Main.storyboard;
			sourceTree = "<group>";
		};
		3D03D3C6202D274B002552E1 /* LaunchScreen.storyboard */ = {
			isa = PBXVariantGroup;
			children = (
				3D03D3C7202D274B002552E1 /* Base */,
			);
			name = LaunchScreen.storyboard;
			sourceTree = "<group>";
		};
/* End PBXVariantGroup section */

/* Begin XCBuildConfiguration section */
		3D03D3E0202D274B002552E1 /* Debug */ = {
			isa = XCBuildConfiguration;
			buildSettings = {
				ALWAYS_SEARCH_USER_PATHS = NO;
				CLANG_ANALYZER_NONNULL = YES;
				CLANG_ANALYZER_NUMBER_OBJECT_CONVERSION = YES_AGGRESSIVE;
				CLANG_CXX_LANGUAGE_STANDARD = "gnu++14";
				CLANG_CXX_LIBRARY = "libc++";
				CLANG_ENABLE_MODULES = YES;
				CLANG_ENABLE_OBJC_ARC = YES;
				CLANG_WARN_BLOCK_CAPTURE_AUTORELEASING = YES;
				CLANG_WARN_BOOL_CONVERSION = YES;
				CLANG_WARN_COMMA = YES;
				CLANG_WARN_CONSTANT_CONVERSION = YES;
				CLANG_WARN_DIRECT_OBJC_ISA_USAGE = YES_ERROR;
				CLANG_WARN_DOCUMENTATION_COMMENTS = YES;
				CLANG_WARN_EMPTY_BODY = YES;
				CLANG_WARN_ENUM_CONVERSION = YES;
				CLANG_WARN_INFINITE_RECURSION = YES;
				CLANG_WARN_INT_CONVERSION = YES;
				CLANG_WARN_NON_LITERAL_NULL_CONVERSION = YES;
				CLANG_WARN_OBJC_LITERAL_CONVERSION = YES;
				CLANG_WARN_OBJC_ROOT_CLASS = YES_ERROR;
				CLANG_WARN_RANGE_LOOP_ANALYSIS = YES;
				CLANG_WARN_STRICT_PROTOTYPES = YES;
				CLANG_WARN_SUSPICIOUS_MOVE = YES;
				CLANG_WARN_UNGUARDED_AVAILABILITY = YES_AGGRESSIVE;
				CLANG_WARN_UNREACHABLE_CODE = YES;
				CLANG_WARN__DUPLICATE_METHOD_MATCH = YES;
				CODE_SIGN_IDENTITY = "iPhone Developer";
				COPY_PHASE_STRIP = NO;
				DEBUG_INFORMATION_FORMAT = dwarf;
				ENABLE_STRICT_OBJC_MSGSEND = YES;
				ENABLE_TESTABILITY = YES;
				GCC_C_LANGUAGE_STANDARD = gnu11;
				GCC_DYNAMIC_NO_PIC = NO;
				GCC_NO_COMMON_BLOCKS = YES;
				GCC_OPTIMIZATION_LEVEL = 0;
				GCC_PREPROCESSOR_DEFINITIONS = (
					"DEBUG=1",
					"$(inherited)",
				);
				GCC_WARN_64_TO_32_BIT_CONVERSION = YES;
				GCC_WARN_ABOUT_RETURN_TYPE = YES_ERROR;
				GCC_WARN_UNDECLARED_SELECTOR = YES;
				GCC_WARN_UNINITIALIZED_AUTOS = YES_AGGRESSIVE;
				GCC_WARN_UNUSED_FUNCTION = YES;
				GCC_WARN_UNUSED_VARIABLE = YES;
				IPHONEOS_DEPLOYMENT_TARGET = 11.2;
				MTL_ENABLE_DEBUG_INFO = YES;
				ONLY_ACTIVE_ARCH = YES;
				SDKROOT = iphoneos;
				SWIFT_ACTIVE_COMPILATION_CONDITIONS = DEBUG;
				SWIFT_OPTIMIZATION_LEVEL = "-Onone";
			};
			name = Debug;
		};
		3D03D3E1202D274B002552E1 /* Release */ = {
			isa = XCBuildConfiguration;
			buildSettings = {
				ALWAYS_SEARCH_USER_PATHS = NO;
				CLANG_ANALYZER_NONNULL = YES;
				CLANG_ANALYZER_NUMBER_OBJECT_CONVERSION = YES_AGGRESSIVE;
				CLANG_CXX_LANGUAGE_STANDARD = "gnu++14";
				CLANG_CXX_LIBRARY = "libc++";
				CLANG_ENABLE_MODULES = YES;
				CLANG_ENABLE_OBJC_ARC = YES;
				CLANG_WARN_BLOCK_CAPTURE_AUTORELEASING = YES;
				CLANG_WARN_BOOL_CONVERSION = YES;
				CLANG_WARN_COMMA = YES;
				CLANG_WARN_CONSTANT_CONVERSION = YES;
				CLANG_WARN_DIRECT_OBJC_ISA_USAGE = YES_ERROR;
				CLANG_WARN_DOCUMENTATION_COMMENTS = YES;
				CLANG_WARN_EMPTY_BODY = YES;
				CLANG_WARN_ENUM_CONVERSION = YES;
				CLANG_WARN_INFINITE_RECURSION = YES;
				CLANG_WARN_INT_CONVERSION = YES;
				CLANG_WARN_NON_LITERAL_NULL_CONVERSION = YES;
				CLANG_WARN_OBJC_LITERAL_CONVERSION = YES;
				CLANG_WARN_OBJC_ROOT_CLASS = YES_ERROR;
				CLANG_WARN_RANGE_LOOP_ANALYSIS = YES;
				CLANG_WARN_STRICT_PROTOTYPES = YES;
				CLANG_WARN_SUSPICIOUS_MOVE = YES;
				CLANG_WARN_UNGUARDED_AVAILABILITY = YES_AGGRESSIVE;
				CLANG_WARN_UNREACHABLE_CODE = YES;
				CLANG_WARN__DUPLICATE_METHOD_MATCH = YES;
				CODE_SIGN_IDENTITY = "iPhone Developer";
				COPY_PHASE_STRIP = NO;
				DEBUG_INFORMATION_FORMAT = "dwarf-with-dsym";
				ENABLE_NS_ASSERTIONS = NO;
				ENABLE_STRICT_OBJC_MSGSEND = YES;
				GCC_C_LANGUAGE_STANDARD = gnu11;
				GCC_NO_COMMON_BLOCKS = YES;
				GCC_WARN_64_TO_32_BIT_CONVERSION = YES;
				GCC_WARN_ABOUT_RETURN_TYPE = YES_ERROR;
				GCC_WARN_UNDECLARED_SELECTOR = YES;
				GCC_WARN_UNINITIALIZED_AUTOS = YES_AGGRESSIVE;
				GCC_WARN_UNUSED_FUNCTION = YES;
				GCC_WARN_UNUSED_VARIABLE = YES;
				IPHONEOS_DEPLOYMENT_TARGET = 11.2;
				MTL_ENABLE_DEBUG_INFO = NO;
				SDKROOT = iphoneos;
				SWIFT_OPTIMIZATION_LEVEL = "-Owholemodule";
				VALIDATE_PRODUCT = YES;
			};
			name = Release;
		};
		3D03D3E3202D274B002552E1 /* Debug */ = {
			isa = XCBuildConfiguration;
			buildSettings = {
				ASSETCATALOG_COMPILER_APPICON_NAME = AppIcon;
				CODE_SIGN_STYLE = Automatic;
				INFOPLIST_FILE = "Tumblr-Feed/Info.plist";
				LD_RUNPATH_SEARCH_PATHS = "$(inherited) @executable_path/Frameworks";
				PRODUCT_BUNDLE_IDENTIFIER = "gooby.Tumblr-Feed";
				PRODUCT_NAME = "$(TARGET_NAME)";
				SWIFT_VERSION = 4.0;
				TARGETED_DEVICE_FAMILY = "1,2";
			};
			name = Debug;
		};
		3D03D3E4202D274B002552E1 /* Release */ = {
			isa = XCBuildConfiguration;
			buildSettings = {
				ASSETCATALOG_COMPILER_APPICON_NAME = AppIcon;
				CODE_SIGN_STYLE = Automatic;
				INFOPLIST_FILE = "Tumblr-Feed/Info.plist";
				LD_RUNPATH_SEARCH_PATHS = "$(inherited) @executable_path/Frameworks";
				PRODUCT_BUNDLE_IDENTIFIER = "gooby.Tumblr-Feed";
				PRODUCT_NAME = "$(TARGET_NAME)";
				SWIFT_VERSION = 4.0;
				TARGETED_DEVICE_FAMILY = "1,2";
			};
			name = Release;
		};
		3D03D3E6202D274B002552E1 /* Debug */ = {
			isa = XCBuildConfiguration;
			buildSettings = {
				ALWAYS_EMBED_SWIFT_STANDARD_LIBRARIES = YES;
				BUNDLE_LOADER = "$(TEST_HOST)";
				CODE_SIGN_STYLE = Automatic;
				INFOPLIST_FILE = "Tumblr-FeedTests/Info.plist";
				LD_RUNPATH_SEARCH_PATHS = "$(inherited) @executable_path/Frameworks @loader_path/Frameworks";
				PRODUCT_BUNDLE_IDENTIFIER = "gooby.Tumblr-FeedTests";
				PRODUCT_NAME = "$(TARGET_NAME)";
				SWIFT_VERSION = 4.0;
				TARGETED_DEVICE_FAMILY = "1,2";
				TEST_HOST = "$(BUILT_PRODUCTS_DIR)/Tumblr-Feed.app/Tumblr-Feed";
			};
			name = Debug;
		};
		3D03D3E7202D274B002552E1 /* Release */ = {
			isa = XCBuildConfiguration;
			buildSettings = {
				ALWAYS_EMBED_SWIFT_STANDARD_LIBRARIES = YES;
				BUNDLE_LOADER = "$(TEST_HOST)";
				CODE_SIGN_STYLE = Automatic;
				INFOPLIST_FILE = "Tumblr-FeedTests/Info.plist";
				LD_RUNPATH_SEARCH_PATHS = "$(inherited) @executable_path/Frameworks @loader_path/Frameworks";
				PRODUCT_BUNDLE_IDENTIFIER = "gooby.Tumblr-FeedTests";
				PRODUCT_NAME = "$(TARGET_NAME)";
				SWIFT_VERSION = 4.0;
				TARGETED_DEVICE_FAMILY = "1,2";
				TEST_HOST = "$(BUILT_PRODUCTS_DIR)/Tumblr-Feed.app/Tumblr-Feed";
			};
			name = Release;
		};
		3D03D3E9202D274B002552E1 /* Debug */ = {
			isa = XCBuildConfiguration;
			buildSettings = {
				ALWAYS_EMBED_SWIFT_STANDARD_LIBRARIES = YES;
				CODE_SIGN_STYLE = Automatic;
				INFOPLIST_FILE = "Tumblr-FeedUITests/Info.plist";
				LD_RUNPATH_SEARCH_PATHS = "$(inherited) @executable_path/Frameworks @loader_path/Frameworks";
				PRODUCT_BUNDLE_IDENTIFIER = "gooby.Tumblr-FeedUITests";
				PRODUCT_NAME = "$(TARGET_NAME)";
				SWIFT_VERSION = 4.0;
				TARGETED_DEVICE_FAMILY = "1,2";
				TEST_TARGET_NAME = "Tumblr-Feed";
			};
			name = Debug;
		};
		3D03D3EA202D274B002552E1 /* Release */ = {
			isa = XCBuildConfiguration;
			buildSettings = {
				ALWAYS_EMBED_SWIFT_STANDARD_LIBRARIES = YES;
				CODE_SIGN_STYLE = Automatic;
				INFOPLIST_FILE = "Tumblr-FeedUITests/Info.plist";
				LD_RUNPATH_SEARCH_PATHS = "$(inherited) @executable_path/Frameworks @loader_path/Frameworks";
				PRODUCT_BUNDLE_IDENTIFIER = "gooby.Tumblr-FeedUITests";
				PRODUCT_NAME = "$(TARGET_NAME)";
				SWIFT_VERSION = 4.0;
				TARGETED_DEVICE_FAMILY = "1,2";
				TEST_TARGET_NAME = "Tumblr-Feed";
			};
			name = Release;
		};
/* End XCBuildConfiguration section */

/* Begin XCConfigurationList section */
		3D03D3B5202D274B002552E1 /* Build configuration list for PBXProject "Tumblr-Feed" */ = {
			isa = XCConfigurationList;
			buildConfigurations = (
				3D03D3E0202D274B002552E1 /* Debug */,
				3D03D3E1202D274B002552E1 /* Release */,
			);
			defaultConfigurationIsVisible = 0;
			defaultConfigurationName = Release;
		};
		3D03D3E2202D274B002552E1 /* Build configuration list for PBXNativeTarget "Tumblr-Feed" */ = {
			isa = XCConfigurationList;
			buildConfigurations = (
				3D03D3E3202D274B002552E1 /* Debug */,
				3D03D3E4202D274B002552E1 /* Release */,
			);
			defaultConfigurationIsVisible = 0;
			defaultConfigurationName = Release;
		};
		3D03D3E5202D274B002552E1 /* Build configuration list for PBXNativeTarget "Tumblr-FeedTests" */ = {
			isa = XCConfigurationList;
			buildConfigurations = (
				3D03D3E6202D274B002552E1 /* Debug */,
				3D03D3E7202D274B002552E1 /* Release */,
			);
			defaultConfigurationIsVisible = 0;
			defaultConfigurationName = Release;
		};
		3D03D3E8202D274B002552E1 /* Build configuration list for PBXNativeTarget "Tumblr-FeedUITests" */ = {
			isa = XCConfigurationList;
			buildConfigurations = (
				3D03D3E9202D274B002552E1 /* Debug */,
				3D03D3EA202D274B002552E1 /* Release */,
			);
			defaultConfigurationIsVisible = 0;
			defaultConfigurationName = Release;
		};
/* End XCConfigurationList section */
	};
	rootObject = 3D03D3B2202D274B002552E1 /* Project object */;
}
